
Microsoft Visual Studio Solution File, Format Version 12.00
# Visual Studio Version 17
VisualStudioVersion = 17.14.36202.13 d17.14
MinimumVisualStudioVersion = 10.0.40219.1
Project("{FAE04EC0-301F-11D3-BF4B-00C04F79EFBC}") = "OcelotGateway", "OcelotGateway\OcelotGateway.csproj", "{CF9ED4C6-BDD1-4D78-A82E-08C52F5FF041}"
EndProject
Global
	GlobalSection(SolutionConfigurationPlatforms) = preSolution
		Debug|Any CPU = Debug|Any CPU
		Release|Any CPU = Release|Any CPU
	EndGlobalSection
	GlobalSection(ProjectConfigurationPlatforms) = postSolution
		{CF9ED4C6-BDD1-4D78-A82E-08C52F5FF041}.Debug|Any CPU.ActiveCfg = Debug|Any CPU
		{CF9ED4C6-BDD1-4D78-A82E-08C52F5FF041}.Debug|Any CPU.Build.0 = Debug|Any CPU
		{CF9ED4C6-BDD1-4D78-A82E-08C52F5FF041}.Release|Any CPU.ActiveCfg = Release|Any CPU
		{CF9ED4C6-BDD1-4D78-A82E-08C52F5FF041}.Release|Any CPU.Build.0 = Release|Any CPU
	EndGlobalSection
	GlobalSection(SolutionProperties) = preSolution
		HideSolutionNode = FALSE
	EndGlobalSection
	GlobalSection(ExtensibilityGlobals) = postSolution
		SolutionGuid = {65333C95-5960-4F89-88AB-9696609EE16C}
	EndGlobalSection
EndGlobal
