
Microsoft Visual Studio Solution File, Format Version 12.00
# Visual Studio Version 17
VisualStudioVersion = 17.14.36202.13
MinimumVisualStudioVersion = 10.0.40219.1
Project("{FAE04EC0-301F-11D3-BF4B-00C04F79EFBC}") = "CoreService.API", "CoreService.API\CoreService.API.csproj", "{AB44F82E-0FA3-4C03-89B6-4D8443230EF1}"
EndProject
Project("{FAE04EC0-301F-11D3-BF4B-00C04F79EFBC}") = "CoreService.Repository", "CoreService.Repository\CoreService.Repository.csproj", "{7490229F-3E77-07A3-AEE3-1734042155C3}"
EndProject
Project("{FAE04EC0-301F-11D3-BF4B-00C04F79EFBC}") = "Dotnet.Shared", "..\..\Shared\Dotnet\Dotnet.Shared\Dotnet.Shared.csproj", "{A80974C2-D427-6E2B-C079-B197AE1664F7}"
EndProject
Global
	GlobalSection(SolutionConfigurationPlatforms) = preSolution
		Debug|Any CPU = Debug|Any CPU
		Release|Any CPU = Release|Any CPU
	EndGlobalSection
	GlobalSection(ProjectConfigurationPlatforms) = postSolution
		{AB44F82E-0FA3-4C03-89B6-4D8443230EF1}.Debug|Any CPU.ActiveCfg = Debug|Any CPU
		{AB44F82E-0FA3-4C03-89B6-4D8443230EF1}.Debug|Any CPU.Build.0 = Debug|Any CPU
		{AB44F82E-0FA3-4C03-89B6-4D8443230EF1}.Release|Any CPU.ActiveCfg = Release|Any CPU
		{AB44F82E-0FA3-4C03-89B6-4D8443230EF1}.Release|Any CPU.Build.0 = Release|Any CPU
		{7490229F-3E77-07A3-AEE3-1734042155C3}.Debug|Any CPU.ActiveCfg = Debug|Any CPU
		{7490229F-3E77-07A3-AEE3-1734042155C3}.Debug|Any CPU.Build.0 = Debug|Any CPU
		{7490229F-3E77-07A3-AEE3-1734042155C3}.Release|Any CPU.ActiveCfg = Release|Any CPU
		{7490229F-3E77-07A3-AEE3-1734042155C3}.Release|Any CPU.Build.0 = Release|Any CPU
		{A80974C2-D427-6E2B-C079-B197AE1664F7}.Debug|Any CPU.ActiveCfg = Debug|Any CPU
		{A80974C2-D427-6E2B-C079-B197AE1664F7}.Debug|Any CPU.Build.0 = Debug|Any CPU
		{A80974C2-D427-6E2B-C079-B197AE1664F7}.Release|Any CPU.ActiveCfg = Release|Any CPU
		{A80974C2-D427-6E2B-C079-B197AE1664F7}.Release|Any CPU.Build.0 = Release|Any CPU
	EndGlobalSection
	GlobalSection(SolutionProperties) = preSolution
		HideSolutionNode = FALSE
	EndGlobalSection
	GlobalSection(ExtensibilityGlobals) = postSolution
		SolutionGuid = {8889C694-8128-4264-B179-FA3D08EA124B}
	EndGlobalSection
EndGlobal
